
Microsoft Visual Studio Solution File, Format Version 12.00
# Visual Studio Version 17
VisualStudioVersion = 17.4.33403.182
MinimumVisualStudioVersion = 10.0.40219.1
Project("{FAE04EC0-301F-11D3-BF4B-00C04F79EFBC}") = "maxsubarrat", "maxsubarrat\maxsubarrat.csproj", "{68734F67-558A-49A1-A2A8-9543CE1373A9}"
EndProject
Global
	GlobalSection(SolutionConfigurationPlatforms) = preSolution
		Debug|Any CPU = Debug|Any CPU
		Release|Any CPU = Release|Any CPU
	EndGlobalSection
	GlobalSection(ProjectConfigurationPlatforms) = postSolution
		{68734F67-558A-49A1-A2A8-9543CE1373A9}.Debug|Any CPU.ActiveCfg = Debug|Any CPU
		{68734F67-558A-49A1-A2A8-9543CE1373A9}.Debug|Any CPU.Build.0 = Debug|Any CPU
		{68734F67-558A-49A1-A2A8-9543CE1373A9}.Release|Any CPU.ActiveCfg = Release|Any CPU
		{68734F67-558A-49A1-A2A8-9543CE1373A9}.Release|Any CPU.Build.0 = Release|Any CPU
	EndGlobalSection
	GlobalSection(SolutionProperties) = preSolution
		HideSolutionNode = FALSE
	EndGlobalSection
	GlobalSection(ExtensibilityGlobals) = postSolution
		SolutionGuid = {E1FB7C2F-9D37-49FE-9F62-C9EEF6577E75}
	EndGlobalSection
EndGlobal
